<?xml version="1.0" encoding="utf-8"?>
<Project ToolsVersion="4.0" xmlns="http://schemas.microsoft.com/developer/msbuild/2003">
  <ItemGroup>
    <ClCompile Include="Main.cpp" />
    <ClCompile Include="StreamWrapper.cpp" />
    <ClCompile Include="Mpeg4ReceiverSR.cpp" />
    <ClCompile Include="Mpeg4Receiver.cpp" />
  </ItemGroup>
  <ItemGroup>
    <ClInclude Include="StreamWrapper.hpp" />
    <ClInclude Include="Mpeg4ReceiverSR.hpp" />
    <ClInclude Include="DisplayWindow.hpp" />
    <ClInclude Include="Mpeg4Receiver.hpp" />
  </ItemGroup>
</Project>