<?xml version="1.0" encoding="utf-8"?>
<Project ToolsVersion="4.0" xmlns="http://schemas.microsoft.com/developer/msbuild/2003">
  <ItemGroup>
    <ClCompile Include="Main.cpp" />
    <ClCompile Include="OutputStream.cpp" />
  </ItemGroup>
  <ItemGroup>
    <ClInclude Include="MP4StreamEditor.hpp" />
    <ClInclude Include="VideoEncoder.hpp" />
    <ClInclude Include="WebSocket.hpp" />
    <ClInclude Include="OutputStream.hpp" />
    <ClInclude Include="Resource.h" />
    <ClInclude Include="MP4Utils.hpp" />
    <ClInclude Include="ComUtil.hpp" />
    <ClInclude Include="ScreenCapture.hpp" />
  </ItemGroup>
  <ItemGroup>
    <None Include="WebStream.html" />
  </ItemGroup>
  <ItemGroup>
    <ResourceCompile Include="AppWebStream.rc" />
  </ItemGroup>
</Project>